// !$*UTF8*$!
{
	archiveVersion = 1;
	classes = {
	};
	objectVersion = 51;
	objects = {

/* Begin PBXBuildFile section */
		8914DC8DAE6F968D4F937402 /* Pods_MovieDbList_MovieDbListUITests.framework in Frameworks */ = {isa = PBXBuildFile; fileRef = 23FAD8E8D7F284033816DCD4 /* Pods_MovieDbList_MovieDbListUITests.framework */; };
		89395F9202A4454E99A6F164 /* Pods_MovieDbListTests.framework in Frameworks */ = {isa = PBXBuildFile; fileRef = 3F9F93EFF8BD9D8AD78482EB /* Pods_MovieDbListTests.framework */; };
		DE065584E7AF11FE3EC6E534 /* Pods_MovieDbList.framework in Frameworks */ = {isa = PBXBuildFile; fileRef = 13EB412E4FA307222DAE38D9 /* Pods_MovieDbList.framework */; };
		E90063D825531BA10040D950 /* SearchMovieViewController.xib in Resources */ = {isa = PBXBuildFile; fileRef = E90063D625531BA10040D950 /* SearchMovieViewController.xib */; };
		E90063D925531BA10040D950 /* SearchMovieViewController.swift in Sources */ = {isa = PBXBuildFile; fileRef = E90063D725531BA10040D950 /* SearchMovieViewController.swift */; };
		E90063DF25531BAE0040D950 /* SeartchTableViewCell.swift in Sources */ = {isa = PBXBuildFile; fileRef = E90063DD25531BAE0040D950 /* SeartchTableViewCell.swift */; };
		E90063E025531BAE0040D950 /* SeartchTableViewCell.xib in Resources */ = {isa = PBXBuildFile; fileRef = E90063DE25531BAE0040D950 /* SeartchTableViewCell.xib */; };
		E90063ED25531CED0040D950 /* SearchMovieViewModel.swift in Sources */ = {isa = PBXBuildFile; fileRef = E90063EC25531CED0040D950 /* SearchMovieViewModel.swift */; };
		E90063F325531EFB0040D950 /* SettingSectionHeader.xib in Resources */ = {isa = PBXBuildFile; fileRef = E90063F125531EFB0040D950 /* SettingSectionHeader.xib */; };
		E90063F425531EFB0040D950 /* SettingSectionHeader.swift in Sources */ = {isa = PBXBuildFile; fileRef = E90063F225531EFB0040D950 /* SettingSectionHeader.swift */; };
		E90063F9255321360040D950 /* String.swift in Sources */ = {isa = PBXBuildFile; fileRef = E90063F8255321360040D950 /* String.swift */; };
		E91F90E025512E0200A5F9A1 /* AppDelegate.swift in Sources */ = {isa = PBXBuildFile; fileRef = E91F90DF25512E0200A5F9A1 /* AppDelegate.swift */; };
		E91F90EA25512E0200A5F9A1 /* MovieDbList.xcdatamodeld in Sources */ = {isa = PBXBuildFile; fileRef = E91F90E825512E0200A5F9A1 /* MovieDbList.xcdatamodeld */; };
		E91F90EC25512E0300A5F9A1 /* Assets.xcassets in Resources */ = {isa = PBXBuildFile; fileRef = E91F90EB25512E0300A5F9A1 /* Assets.xcassets */; };
		E91F90EF25512E0300A5F9A1 /* LaunchScreen.storyboard in Resources */ = {isa = PBXBuildFile; fileRef = E91F90ED25512E0300A5F9A1 /* LaunchScreen.storyboard */; };
		E91F90FA25512E0300A5F9A1 /* MovieDbListTests.swift in Sources */ = {isa = PBXBuildFile; fileRef = E91F90F925512E0300A5F9A1 /* MovieDbListTests.swift */; };
		E91F910525512E0300A5F9A1 /* MovieDbListUITests.swift in Sources */ = {isa = PBXBuildFile; fileRef = E91F910425512E0300A5F9A1 /* MovieDbListUITests.swift */; };
		E91F91582551749F00A5F9A1 /* MovieListViewController.swift in Sources */ = {isa = PBXBuildFile; fileRef = E91F91562551749F00A5F9A1 /* MovieListViewController.swift */; };
		E91F91592551749F00A5F9A1 /* MovieListViewController.xib in Resources */ = {isa = PBXBuildFile; fileRef = E91F91572551749F00A5F9A1 /* MovieListViewController.xib */; };
		E91F916E2551754A00A5F9A1 /* Constant.swift in Sources */ = {isa = PBXBuildFile; fileRef = E91F915F2551754900A5F9A1 /* Constant.swift */; };
		E91F916F2551754A00A5F9A1 /* ViewController.swift in Sources */ = {isa = PBXBuildFile; fileRef = E91F91612551754900A5F9A1 /* ViewController.swift */; };
		E91F91702551754A00A5F9A1 /* UIImage.swift in Sources */ = {isa = PBXBuildFile; fileRef = E91F91622551754900A5F9A1 /* UIImage.swift */; };
		E91F91712551754A00A5F9A1 /* Colors.swift in Sources */ = {isa = PBXBuildFile; fileRef = E91F91632551754900A5F9A1 /* Colors.swift */; };
		E91F91722551754A00A5F9A1 /* Toast.swift in Sources */ = {isa = PBXBuildFile; fileRef = E91F91652551754900A5F9A1 /* Toast.swift */; };
		E91F91792551754A00A5F9A1 /* CommonMethods.swift in Sources */ = {isa = PBXBuildFile; fileRef = E91F916D2551754900A5F9A1 /* CommonMethods.swift */; };
		E91F9191255176EA00A5F9A1 /* APIError.swift in Sources */ = {isa = PBXBuildFile; fileRef = E91F9188255176EA00A5F9A1 /* APIError.swift */; };
		E91F9192255176EA00A5F9A1 /* HTTPClient.swift in Sources */ = {isa = PBXBuildFile; fileRef = E91F9189255176EA00A5F9A1 /* HTTPClient.swift */; };
		E91F9193255176EA00A5F9A1 /* APIRequest.swift in Sources */ = {isa = PBXBuildFile; fileRef = E91F918A255176EA00A5F9A1 /* APIRequest.swift */; };
		E91F91B22551792500A5F9A1 /* MovieListTableViewCell.swift in Sources */ = {isa = PBXBuildFile; fileRef = E91F91B02551792500A5F9A1 /* MovieListTableViewCell.swift */; };
		E91F91B32551792500A5F9A1 /* MovieListTableViewCell.xib in Resources */ = {isa = PBXBuildFile; fileRef = E91F91B12551792500A5F9A1 /* MovieListTableViewCell.xib */; };
		E91F91BC25517A1800A5F9A1 /* MovieViewModel.swift in Sources */ = {isa = PBXBuildFile; fileRef = E91F91B825517A1800A5F9A1 /* MovieViewModel.swift */; };
		E91F91D025517ADB00A5F9A1 /* MovieModel.swift in Sources */ = {isa = PBXBuildFile; fileRef = E91F91CC25517ADB00A5F9A1 /* MovieModel.swift */; };
		E91F91E125517B8700A5F9A1 /* MovieRoute.swift in Sources */ = {isa = PBXBuildFile; fileRef = E91F91DB25517B8600A5F9A1 /* MovieRoute.swift */; };
		E91F91E325517B8700A5F9A1 /* NowPlayingRequest.swift in Sources */ = {isa = PBXBuildFile; fileRef = E91F91DD25517B8600A5F9A1 /* NowPlayingRequest.swift */; };
		E91F91F5255191CD00A5F9A1 /* DesignableView.swift in Sources */ = {isa = PBXBuildFile; fileRef = E91F91F3255191CD00A5F9A1 /* DesignableView.swift */; };
		E91F91F6255191CD00A5F9A1 /* DesignableButton.swift in Sources */ = {isa = PBXBuildFile; fileRef = E91F91F4255191CD00A5F9A1 /* DesignableButton.swift */; };
		E91F922B2551A6E000A5F9A1 /* ReviewTableViewCell.xib in Resources */ = {isa = PBXBuildFile; fileRef = E91F921F2551A6E000A5F9A1 /* ReviewTableViewCell.xib */; };
		E91F922C2551A6E000A5F9A1 /* MovieDeatilHeaderTableViewCell.swift in Sources */ = {isa = PBXBuildFile; fileRef = E91F92202551A6E000A5F9A1 /* MovieDeatilHeaderTableViewCell.swift */; };
		E91F922D2551A6E000A5F9A1 /* MoviewDetailsSectionHeader.xib in Resources */ = {isa = PBXBuildFile; fileRef = E91F92212551A6E000A5F9A1 /* MoviewDetailsSectionHeader.xib */; };
		E91F922E2551A6E000A5F9A1 /* ReviewTableViewCell.swift in Sources */ = {isa = PBXBuildFile; fileRef = E91F92222551A6E000A5F9A1 /* ReviewTableViewCell.swift */; };
		E91F922F2551A6E000A5F9A1 /* CastCrewCollectionViewCell.xib in Resources */ = {isa = PBXBuildFile; fileRef = E91F92232551A6E000A5F9A1 /* CastCrewCollectionViewCell.xib */; };
		E91F92302551A6E000A5F9A1 /* CastCrewCollectionViewCell.swift in Sources */ = {isa = PBXBuildFile; fileRef = E91F92242551A6E000A5F9A1 /* CastCrewCollectionViewCell.swift */; };
		E91F92312551A6E000A5F9A1 /* SimilarResultsCollectionViewCell.xib in Resources */ = {isa = PBXBuildFile; fileRef = E91F92252551A6E000A5F9A1 /* SimilarResultsCollectionViewCell.xib */; };
		E91F92322551A6E000A5F9A1 /* MovieDeatilHeaderTableViewCell.xib in Resources */ = {isa = PBXBuildFile; fileRef = E91F92262551A6E000A5F9A1 /* MovieDeatilHeaderTableViewCell.xib */; };
		E91F92332551A6E000A5F9A1 /* CollectionsTableViewCell.swift in Sources */ = {isa = PBXBuildFile; fileRef = E91F92272551A6E000A5F9A1 /* CollectionsTableViewCell.swift */; };
		E91F92342551A6E000A5F9A1 /* CollectionsTableViewCell.xib in Resources */ = {isa = PBXBuildFile; fileRef = E91F92282551A6E000A5F9A1 /* CollectionsTableViewCell.xib */; };
		E91F92352551A6E000A5F9A1 /* MoviewDetailsSectionHeader.swift in Sources */ = {isa = PBXBuildFile; fileRef = E91F92292551A6E000A5F9A1 /* MoviewDetailsSectionHeader.swift */; };
		E91F92362551A6E000A5F9A1 /* SimilarResultsCollectionViewCell.swift in Sources */ = {isa = PBXBuildFile; fileRef = E91F922A2551A6E000A5F9A1 /* SimilarResultsCollectionViewCell.swift */; };
		E91F924E2551A78E00A5F9A1 /* ReviewsViewController.xib in Resources */ = {isa = PBXBuildFile; fileRef = E91F924A2551A78E00A5F9A1 /* ReviewsViewController.xib */; };
		E91F924F2551A78E00A5F9A1 /* MovieDetailViewController.swift in Sources */ = {isa = PBXBuildFile; fileRef = E91F924B2551A78E00A5F9A1 /* MovieDetailViewController.swift */; };
		E91F92502551A78E00A5F9A1 /* MovieDetailViewController.xib in Resources */ = {isa = PBXBuildFile; fileRef = E91F924C2551A78E00A5F9A1 /* MovieDetailViewController.xib */; };
		E91F92512551A78E00A5F9A1 /* ReviewsViewController.swift in Sources */ = {isa = PBXBuildFile; fileRef = E91F924D2551A78E00A5F9A1 /* ReviewsViewController.swift */; };
		E91F92602551A7F500A5F9A1 /* CustomDateFormater.swift in Sources */ = {isa = PBXBuildFile; fileRef = E91F925F2551A7F500A5F9A1 /* CustomDateFormater.swift */; };
		E936289325529BB600B8C1D4 /* MovieReviewViewModel.swift in Sources */ = {isa = PBXBuildFile; fileRef = E936289025529BB600B8C1D4 /* MovieReviewViewModel.swift */; };
		E936289425529BB600B8C1D4 /* MovieCastViewModel.swift in Sources */ = {isa = PBXBuildFile; fileRef = E936289125529BB600B8C1D4 /* MovieCastViewModel.swift */; };
		E936289525529BB600B8C1D4 /* SimilarMovieViewModel.swift in Sources */ = {isa = PBXBuildFile; fileRef = E936289225529BB600B8C1D4 /* SimilarMovieViewModel.swift */; };
		E936289B25529BC000B8C1D4 /* MovieCastModel.swift in Sources */ = {isa = PBXBuildFile; fileRef = E936289925529BC000B8C1D4 /* MovieCastModel.swift */; };
		E936289C25529BC000B8C1D4 /* MovieReviewModel.swift in Sources */ = {isa = PBXBuildFile; fileRef = E936289A25529BC000B8C1D4 /* MovieReviewModel.swift */; };
		E93628A325529DC100B8C1D4 /* SimilarMoviesRequest.swift in Sources */ = {isa = PBXBuildFile; fileRef = E93628A025529DC100B8C1D4 /* SimilarMoviesRequest.swift */; };
		E93628A425529DC100B8C1D4 /* CreditsRequest.swift in Sources */ = {isa = PBXBuildFile; fileRef = E93628A125529DC100B8C1D4 /* CreditsRequest.swift */; };
		E93628A525529DC100B8C1D4 /* ReviewRequest.swift in Sources */ = {isa = PBXBuildFile; fileRef = E93628A225529DC100B8C1D4 /* ReviewRequest.swift */; };
		E93628AA2552A0E400B8C1D4 /* MoviewDetailViewModel.swift in Sources */ = {isa = PBXBuildFile; fileRef = E93628A92552A0E400B8C1D4 /* MoviewDetailViewModel.swift */; };
		E93628AF2552A13B00B8C1D4 /* MoviewDetailModel.swift in Sources */ = {isa = PBXBuildFile; fileRef = E93628AE2552A13B00B8C1D4 /* MoviewDetailModel.swift */; };
		E93628B42552A1DB00B8C1D4 /* MoviewDetailRequest.swift in Sources */ = {isa = PBXBuildFile; fileRef = E93628B32552A1DB00B8C1D4 /* MoviewDetailRequest.swift */; };
		E94516E72552D8A50099C1BA /* MovieCrewModel.swift in Sources */ = {isa = PBXBuildFile; fileRef = E94516E62552D8A50099C1BA /* MovieCrewModel.swift */; };
		E9592ECE255344480063609D /* movie.json in Resources */ = {isa = PBXBuildFile; fileRef = E9592ECB255344480063609D /* movie.json */; };
		E9592EDD255345050063609D /* Codable+JSONExtension.swift in Sources */ = {isa = PBXBuildFile; fileRef = E9592EDB255345050063609D /* Codable+JSONExtension.swift */; };
		E9592EDE255345050063609D /* Codable+Transformers.swift in Sources */ = {isa = PBXBuildFile; fileRef = E9592EDC255345050063609D /* Codable+Transformers.swift */; };
		E9B5DFB82553F57F007FAC89 /* DataBaseManager.swift in Sources */ = {isa = PBXBuildFile; fileRef = E9B5DFB72553F57F007FAC89 /* DataBaseManager.swift */; };
/* End PBXBuildFile section */

/* Begin PBXContainerItemProxy section */
		E91F90F625512E0300A5F9A1 /* PBXContainerItemProxy */ = {
			isa = PBXContainerItemProxy;
			containerPortal = E91F90D425512E0200A5F9A1 /* Project object */;
			proxyType = 1;
			remoteGlobalIDString = E91F90DB25512E0200A5F9A1;
			remoteInfo = MovieDbList;
		};
		E91F910125512E0300A5F9A1 /* PBXContainerItemProxy */ = {
			isa = PBXContainerItemProxy;
			containerPortal = E91F90D425512E0200A5F9A1 /* Project object */;
			proxyType = 1;
			remoteGlobalIDString = E91F90DB25512E0200A5F9A1;
			remoteInfo = MovieDbList;
		};
/* End PBXContainerItemProxy section */

/* Begin PBXFileReference section */
		095D4A604876BBD026623E4C /* Pods-MovieDbList-MovieDbListUITests.release.xcconfig */ = {isa = PBXFileReference; includeInIndex = 1; lastKnownFileType = text.xcconfig; name = "Pods-MovieDbList-MovieDbListUITests.release.xcconfig"; path = "Target Support Files/Pods-MovieDbList-MovieDbListUITests/Pods-MovieDbList-MovieDbListUITests.release.xcconfig"; sourceTree = "<group>"; };
		13EB412E4FA307222DAE38D9 /* Pods_MovieDbList.framework */ = {isa = PBXFileReference; explicitFileType = wrapper.framework; includeInIndex = 0; path = Pods_MovieDbList.framework; sourceTree = BUILT_PRODUCTS_DIR; };
		23FAD8E8D7F284033816DCD4 /* Pods_MovieDbList_MovieDbListUITests.framework */ = {isa = PBXFileReference; explicitFileType = wrapper.framework; includeInIndex = 0; path = Pods_MovieDbList_MovieDbListUITests.framework; sourceTree = BUILT_PRODUCTS_DIR; };
		3C578E14264995C5D5AB8084 /* Pods-MovieDbList-MovieDbListUITests.debug.xcconfig */ = {isa = PBXFileReference; includeInIndex = 1; lastKnownFileType = text.xcconfig; name = "Pods-MovieDbList-MovieDbListUITests.debug.xcconfig"; path = "Target Support Files/Pods-MovieDbList-MovieDbListUITests/Pods-MovieDbList-MovieDbListUITests.debug.xcconfig"; sourceTree = "<group>"; };
		3F9F93EFF8BD9D8AD78482EB /* Pods_MovieDbListTests.framework */ = {isa = PBXFileReference; explicitFileType = wrapper.framework; includeInIndex = 0; path = Pods_MovieDbListTests.framework; sourceTree = BUILT_PRODUCTS_DIR; };
		4A92C7D338622481B2DCEB90 /* Pods-MovieDbListTests.debug.xcconfig */ = {isa = PBXFileReference; includeInIndex = 1; lastKnownFileType = text.xcconfig; name = "Pods-MovieDbListTests.debug.xcconfig"; path = "Target Support Files/Pods-MovieDbListTests/Pods-MovieDbListTests.debug.xcconfig"; sourceTree = "<group>"; };
		CD7634A80041C5D7E22BC3C8 /* Pods-MovieDbListTests.release.xcconfig */ = {isa = PBXFileReference; includeInIndex = 1; lastKnownFileType = text.xcconfig; name = "Pods-MovieDbListTests.release.xcconfig"; path = "Target Support Files/Pods-MovieDbListTests/Pods-MovieDbListTests.release.xcconfig"; sourceTree = "<group>"; };
		D632D90B7EA3727C96E9F555 /* Pods-MovieDbList.debug.xcconfig */ = {isa = PBXFileReference; includeInIndex = 1; lastKnownFileType = text.xcconfig; name = "Pods-MovieDbList.debug.xcconfig"; path = "Target Support Files/Pods-MovieDbList/Pods-MovieDbList.debug.xcconfig"; sourceTree = "<group>"; };
		DC0411E07737F1904D7F5DE8 /* Pods-MovieDbList.release.xcconfig */ = {isa = PBXFileReference; includeInIndex = 1; lastKnownFileType = text.xcconfig; name = "Pods-MovieDbList.release.xcconfig"; path = "Target Support Files/Pods-MovieDbList/Pods-MovieDbList.release.xcconfig"; sourceTree = "<group>"; };
		E90063D625531BA10040D950 /* SearchMovieViewController.xib */ = {isa = PBXFileReference; fileEncoding = 4; lastKnownFileType = file.xib; path = SearchMovieViewController.xib; sourceTree = "<group>"; };
		E90063D725531BA10040D950 /* SearchMovieViewController.swift */ = {isa = PBXFileReference; fileEncoding = 4; lastKnownFileType = sourcecode.swift; path = SearchMovieViewController.swift; sourceTree = "<group>"; };
		E90063DD25531BAE0040D950 /* SeartchTableViewCell.swift */ = {isa = PBXFileReference; fileEncoding = 4; lastKnownFileType = sourcecode.swift; path = SeartchTableViewCell.swift; sourceTree = "<group>"; };
		E90063DE25531BAE0040D950 /* SeartchTableViewCell.xib */ = {isa = PBXFileReference; fileEncoding = 4; lastKnownFileType = file.xib; path = SeartchTableViewCell.xib; sourceTree = "<group>"; };
		E90063EC25531CED0040D950 /* SearchMovieViewModel.swift */ = {isa = PBXFileReference; lastKnownFileType = sourcecode.swift; path = SearchMovieViewModel.swift; sourceTree = "<group>"; };
		E90063F125531EFB0040D950 /* SettingSectionHeader.xib */ = {isa = PBXFileReference; fileEncoding = 4; lastKnownFileType = file.xib; path = SettingSectionHeader.xib; sourceTree = "<group>"; };
		E90063F225531EFB0040D950 /* SettingSectionHeader.swift */ = {isa = PBXFileReference; fileEncoding = 4; lastKnownFileType = sourcecode.swift; path = SettingSectionHeader.swift; sourceTree = "<group>"; };
		E90063F8255321360040D950 /* String.swift */ = {isa = PBXFileReference; lastKnownFileType = sourcecode.swift; path = String.swift; sourceTree = "<group>"; };
		E91F90DC25512E0200A5F9A1 /* MovieDbList.app */ = {isa = PBXFileReference; explicitFileType = wrapper.application; includeInIndex = 0; path = MovieDbList.app; sourceTree = BUILT_PRODUCTS_DIR; };
		E91F90DF25512E0200A5F9A1 /* AppDelegate.swift */ = {isa = PBXFileReference; lastKnownFileType = sourcecode.swift; path = AppDelegate.swift; sourceTree = "<group>"; };
		E91F90E925512E0200A5F9A1 /* MovieDbList.xcdatamodel */ = {isa = PBXFileReference; lastKnownFileType = wrapper.xcdatamodel; path = MovieDbList.xcdatamodel; sourceTree = "<group>"; };
		E91F90EB25512E0300A5F9A1 /* Assets.xcassets */ = {isa = PBXFileReference; lastKnownFileType = folder.assetcatalog; path = Assets.xcassets; sourceTree = "<group>"; };
		E91F90EE25512E0300A5F9A1 /* Base */ = {isa = PBXFileReference; lastKnownFileType = file.storyboard; name = Base; path = Base.lproj/LaunchScreen.storyboard; sourceTree = "<group>"; };
		E91F90F025512E0300A5F9A1 /* Info.plist */ = {isa = PBXFileReference; lastKnownFileType = text.plist.xml; path = Info.plist; sourceTree = "<group>"; };
		E91F90F525512E0300A5F9A1 /* MovieDbListTests.xctest */ = {isa = PBXFileReference; explicitFileType = wrapper.cfbundle; includeInIndex = 0; path = MovieDbListTests.xctest; sourceTree = BUILT_PRODUCTS_DIR; };
		E91F90F925512E0300A5F9A1 /* MovieDbListTests.swift */ = {isa = PBXFileReference; lastKnownFileType = sourcecode.swift; path = MovieDbListTests.swift; sourceTree = "<group>"; };
		E91F90FB25512E0300A5F9A1 /* Info.plist */ = {isa = PBXFileReference; lastKnownFileType = text.plist.xml; path = Info.plist; sourceTree = "<group>"; };
		E91F910025512E0300A5F9A1 /* MovieDbListUITests.xctest */ = {isa = PBXFileReference; explicitFileType = wrapper.cfbundle; includeInIndex = 0; path = MovieDbListUITests.xctest; sourceTree = BUILT_PRODUCTS_DIR; };
		E91F910425512E0300A5F9A1 /* MovieDbListUITests.swift */ = {isa = PBXFileReference; lastKnownFileType = sourcecode.swift; path = MovieDbListUITests.swift; sourceTree = "<group>"; };
		E91F910625512E0300A5F9A1 /* Info.plist */ = {isa = PBXFileReference; lastKnownFileType = text.plist.xml; path = Info.plist; sourceTree = "<group>"; };
		E91F91562551749F00A5F9A1 /* MovieListViewController.swift */ = {isa = PBXFileReference; fileEncoding = 4; lastKnownFileType = sourcecode.swift; path = MovieListViewController.swift; sourceTree = "<group>"; };
		E91F91572551749F00A5F9A1 /* MovieListViewController.xib */ = {isa = PBXFileReference; fileEncoding = 4; lastKnownFileType = file.xib; path = MovieListViewController.xib; sourceTree = "<group>"; };
		E91F915F2551754900A5F9A1 /* Constant.swift */ = {isa = PBXFileReference; fileEncoding = 4; lastKnownFileType = sourcecode.swift; path = Constant.swift; sourceTree = "<group>"; };
		E91F91612551754900A5F9A1 /* ViewController.swift */ = {isa = PBXFileReference; fileEncoding = 4; lastKnownFileType = sourcecode.swift; path = ViewController.swift; sourceTree = "<group>"; };
		E91F91622551754900A5F9A1 /* UIImage.swift */ = {isa = PBXFileReference; fileEncoding = 4; lastKnownFileType = sourcecode.swift; path = UIImage.swift; sourceTree = "<group>"; };
		E91F91632551754900A5F9A1 /* Colors.swift */ = {isa = PBXFileReference; fileEncoding = 4; lastKnownFileType = sourcecode.swift; path = Colors.swift; sourceTree = "<group>"; };
		E91F91652551754900A5F9A1 /* Toast.swift */ = {isa = PBXFileReference; fileEncoding = 4; lastKnownFileType = sourcecode.swift; path = Toast.swift; sourceTree = "<group>"; };
		E91F916D2551754900A5F9A1 /* CommonMethods.swift */ = {isa = PBXFileReference; fileEncoding = 4; lastKnownFileType = sourcecode.swift; path = CommonMethods.swift; sourceTree = "<group>"; };
		E91F9188255176EA00A5F9A1 /* APIError.swift */ = {isa = PBXFileReference; fileEncoding = 4; lastKnownFileType = sourcecode.swift; path = APIError.swift; sourceTree = "<group>"; };
		E91F9189255176EA00A5F9A1 /* HTTPClient.swift */ = {isa = PBXFileReference; fileEncoding = 4; lastKnownFileType = sourcecode.swift; path = HTTPClient.swift; sourceTree = "<group>"; };
		E91F918A255176EA00A5F9A1 /* APIRequest.swift */ = {isa = PBXFileReference; fileEncoding = 4; lastKnownFileType = sourcecode.swift; path = APIRequest.swift; sourceTree = "<group>"; };
		E91F91B02551792500A5F9A1 /* MovieListTableViewCell.swift */ = {isa = PBXFileReference; fileEncoding = 4; lastKnownFileType = sourcecode.swift; path = MovieListTableViewCell.swift; sourceTree = "<group>"; };
		E91F91B12551792500A5F9A1 /* MovieListTableViewCell.xib */ = {isa = PBXFileReference; fileEncoding = 4; lastKnownFileType = file.xib; path = MovieListTableViewCell.xib; sourceTree = "<group>"; };
		E91F91B825517A1800A5F9A1 /* MovieViewModel.swift */ = {isa = PBXFileReference; fileEncoding = 4; lastKnownFileType = sourcecode.swift; path = MovieViewModel.swift; sourceTree = "<group>"; };
		E91F91CC25517ADB00A5F9A1 /* MovieModel.swift */ = {isa = PBXFileReference; fileEncoding = 4; lastKnownFileType = sourcecode.swift; path = MovieModel.swift; sourceTree = "<group>"; };
		E91F91DB25517B8600A5F9A1 /* MovieRoute.swift */ = {isa = PBXFileReference; fileEncoding = 4; lastKnownFileType = sourcecode.swift; path = MovieRoute.swift; sourceTree = "<group>"; };
		E91F91DD25517B8600A5F9A1 /* NowPlayingRequest.swift */ = {isa = PBXFileReference; fileEncoding = 4; lastKnownFileType = sourcecode.swift; path = NowPlayingRequest.swift; sourceTree = "<group>"; };
		E91F91F3255191CD00A5F9A1 /* DesignableView.swift */ = {isa = PBXFileReference; fileEncoding = 4; lastKnownFileType = sourcecode.swift; path = DesignableView.swift; sourceTree = "<group>"; };
		E91F91F4255191CD00A5F9A1 /* DesignableButton.swift */ = {isa = PBXFileReference; fileEncoding = 4; lastKnownFileType = sourcecode.swift; path = DesignableButton.swift; sourceTree = "<group>"; };
		E91F921F2551A6E000A5F9A1 /* ReviewTableViewCell.xib */ = {isa = PBXFileReference; fileEncoding = 4; lastKnownFileType = file.xib; path = ReviewTableViewCell.xib; sourceTree = "<group>"; };
		E91F92202551A6E000A5F9A1 /* MovieDeatilHeaderTableViewCell.swift */ = {isa = PBXFileReference; fileEncoding = 4; lastKnownFileType = sourcecode.swift; path = MovieDeatilHeaderTableViewCell.swift; sourceTree = "<group>"; };
		E91F92212551A6E000A5F9A1 /* MoviewDetailsSectionHeader.xib */ = {isa = PBXFileReference; fileEncoding = 4; lastKnownFileType = file.xib; path = MoviewDetailsSectionHeader.xib; sourceTree = "<group>"; };
		E91F92222551A6E000A5F9A1 /* ReviewTableViewCell.swift */ = {isa = PBXFileReference; fileEncoding = 4; lastKnownFileType = sourcecode.swift; path = ReviewTableViewCell.swift; sourceTree = "<group>"; };
		E91F92232551A6E000A5F9A1 /* CastCrewCollectionViewCell.xib */ = {isa = PBXFileReference; fileEncoding = 4; lastKnownFileType = file.xib; path = CastCrewCollectionViewCell.xib; sourceTree = "<group>"; };
		E91F92242551A6E000A5F9A1 /* CastCrewCollectionViewCell.swift */ = {isa = PBXFileReference; fileEncoding = 4; lastKnownFileType = sourcecode.swift; path = CastCrewCollectionViewCell.swift; sourceTree = "<group>"; };
		E91F92252551A6E000A5F9A1 /* SimilarResultsCollectionViewCell.xib */ = {isa = PBXFileReference; fileEncoding = 4; lastKnownFileType = file.xib; path = SimilarResultsCollectionViewCell.xib; sourceTree = "<group>"; };
		E91F92262551A6E000A5F9A1 /* MovieDeatilHeaderTableViewCell.xib */ = {isa = PBXFileReference; fileEncoding = 4; lastKnownFileType = file.xib; path = MovieDeatilHeaderTableViewCell.xib; sourceTree = "<group>"; };
		E91F92272551A6E000A5F9A1 /* CollectionsTableViewCell.swift */ = {isa = PBXFileReference; fileEncoding = 4; lastKnownFileType = sourcecode.swift; path = CollectionsTableViewCell.swift; sourceTree = "<group>"; };
		E91F92282551A6E000A5F9A1 /* CollectionsTableViewCell.xib */ = {isa = PBXFileReference; fileEncoding = 4; lastKnownFileType = file.xib; path = CollectionsTableViewCell.xib; sourceTree = "<group>"; };
		E91F92292551A6E000A5F9A1 /* MoviewDetailsSectionHeader.swift */ = {isa = PBXFileReference; fileEncoding = 4; lastKnownFileType = sourcecode.swift; path = MoviewDetailsSectionHeader.swift; sourceTree = "<group>"; };
		E91F922A2551A6E000A5F9A1 /* SimilarResultsCollectionViewCell.swift */ = {isa = PBXFileReference; fileEncoding = 4; lastKnownFileType = sourcecode.swift; path = SimilarResultsCollectionViewCell.swift; sourceTree = "<group>"; };
		E91F924A2551A78E00A5F9A1 /* ReviewsViewController.xib */ = {isa = PBXFileReference; fileEncoding = 4; lastKnownFileType = file.xib; path = ReviewsViewController.xib; sourceTree = "<group>"; };
		E91F924B2551A78E00A5F9A1 /* MovieDetailViewController.swift */ = {isa = PBXFileReference; fileEncoding = 4; lastKnownFileType = sourcecode.swift; path = MovieDetailViewController.swift; sourceTree = "<group>"; };
		E91F924C2551A78E00A5F9A1 /* MovieDetailViewController.xib */ = {isa = PBXFileReference; fileEncoding = 4; lastKnownFileType = file.xib; path = MovieDetailViewController.xib; sourceTree = "<group>"; };
		E91F924D2551A78E00A5F9A1 /* ReviewsViewController.swift */ = {isa = PBXFileReference; fileEncoding = 4; lastKnownFileType = sourcecode.swift; path = ReviewsViewController.swift; sourceTree = "<group>"; };
		E91F925F2551A7F500A5F9A1 /* CustomDateFormater.swift */ = {isa = PBXFileReference; fileEncoding = 4; lastKnownFileType = sourcecode.swift; path = CustomDateFormater.swift; sourceTree = "<group>"; };
		E936289025529BB600B8C1D4 /* MovieReviewViewModel.swift */ = {isa = PBXFileReference; fileEncoding = 4; lastKnownFileType = sourcecode.swift; path = MovieReviewViewModel.swift; sourceTree = "<group>"; };
		E936289125529BB600B8C1D4 /* MovieCastViewModel.swift */ = {isa = PBXFileReference; fileEncoding = 4; lastKnownFileType = sourcecode.swift; path = MovieCastViewModel.swift; sourceTree = "<group>"; };
		E936289225529BB600B8C1D4 /* SimilarMovieViewModel.swift */ = {isa = PBXFileReference; fileEncoding = 4; lastKnownFileType = sourcecode.swift; path = SimilarMovieViewModel.swift; sourceTree = "<group>"; };
		E936289925529BC000B8C1D4 /* MovieCastModel.swift */ = {isa = PBXFileReference; fileEncoding = 4; lastKnownFileType = sourcecode.swift; path = MovieCastModel.swift; sourceTree = "<group>"; };
		E936289A25529BC000B8C1D4 /* MovieReviewModel.swift */ = {isa = PBXFileReference; fileEncoding = 4; lastKnownFileType = sourcecode.swift; path = MovieReviewModel.swift; sourceTree = "<group>"; };
		E93628A025529DC100B8C1D4 /* SimilarMoviesRequest.swift */ = {isa = PBXFileReference; fileEncoding = 4; lastKnownFileType = sourcecode.swift; path = SimilarMoviesRequest.swift; sourceTree = "<group>"; };
		E93628A125529DC100B8C1D4 /* CreditsRequest.swift */ = {isa = PBXFileReference; fileEncoding = 4; lastKnownFileType = sourcecode.swift; path = CreditsRequest.swift; sourceTree = "<group>"; };
		E93628A225529DC100B8C1D4 /* ReviewRequest.swift */ = {isa = PBXFileReference; fileEncoding = 4; lastKnownFileType = sourcecode.swift; path = ReviewRequest.swift; sourceTree = "<group>"; };
		E93628A92552A0E400B8C1D4 /* MoviewDetailViewModel.swift */ = {isa = PBXFileReference; fileEncoding = 4; lastKnownFileType = sourcecode.swift; path = MoviewDetailViewModel.swift; sourceTree = "<group>"; };
		E93628AE2552A13B00B8C1D4 /* MoviewDetailModel.swift */ = {isa = PBXFileReference; fileEncoding = 4; lastKnownFileType = sourcecode.swift; path = MoviewDetailModel.swift; sourceTree = "<group>"; };
		E93628B32552A1DB00B8C1D4 /* MoviewDetailRequest.swift */ = {isa = PBXFileReference; fileEncoding = 4; lastKnownFileType = sourcecode.swift; path = MoviewDetailRequest.swift; sourceTree = "<group>"; };
		E94516E62552D8A50099C1BA /* MovieCrewModel.swift */ = {isa = PBXFileReference; lastKnownFileType = sourcecode.swift; path = MovieCrewModel.swift; sourceTree = "<group>"; };
		E9592ECB255344480063609D /* movie.json */ = {isa = PBXFileReference; fileEncoding = 4; lastKnownFileType = text.json; path = movie.json; sourceTree = "<group>"; };
		E9592EDB255345050063609D /* Codable+JSONExtension.swift */ = {isa = PBXFileReference; fileEncoding = 4; lastKnownFileType = sourcecode.swift; path = "Codable+JSONExtension.swift"; sourceTree = "<group>"; };
		E9592EDC255345050063609D /* Codable+Transformers.swift */ = {isa = PBXFileReference; fileEncoding = 4; lastKnownFileType = sourcecode.swift; path = "Codable+Transformers.swift"; sourceTree = "<group>"; };
		E9B5DFB72553F57F007FAC89 /* DataBaseManager.swift */ = {isa = PBXFileReference; fileEncoding = 4; lastKnownFileType = sourcecode.swift; path = DataBaseManager.swift; sourceTree = "<group>"; };
/* End PBXFileReference section */

/* Begin PBXFrameworksBuildPhase section */
		E91F90D925512E0200A5F9A1 /* Frameworks */ = {
			isa = PBXFrameworksBuildPhase;
			buildActionMask = 2147483647;
			files = (
				DE065584E7AF11FE3EC6E534 /* Pods_MovieDbList.framework in Frameworks */,
			);
			runOnlyForDeploymentPostprocessing = 0;
		};
		E91F90F225512E0300A5F9A1 /* Frameworks */ = {
			isa = PBXFrameworksBuildPhase;
			buildActionMask = 2147483647;
			files = (
				89395F9202A4454E99A6F164 /* Pods_MovieDbListTests.framework in Frameworks */,
			);
			runOnlyForDeploymentPostprocessing = 0;
		};
		E91F90FD25512E0300A5F9A1 /* Frameworks */ = {
			isa = PBXFrameworksBuildPhase;
			buildActionMask = 2147483647;
			files = (
				8914DC8DAE6F968D4F937402 /* Pods_MovieDbList_MovieDbListUITests.framework in Frameworks */,
			);
			runOnlyForDeploymentPostprocessing = 0;
		};
/* End PBXFrameworksBuildPhase section */

/* Begin PBXGroup section */
		A3CC03FA56C338363E89C235 /* Frameworks */ = {
			isa = PBXGroup;
			children = (
				13EB412E4FA307222DAE38D9 /* Pods_MovieDbList.framework */,
				23FAD8E8D7F284033816DCD4 /* Pods_MovieDbList_MovieDbListUITests.framework */,
				3F9F93EFF8BD9D8AD78482EB /* Pods_MovieDbListTests.framework */,
			);
			name = Frameworks;
			sourceTree = "<group>";
		};
		D512AC57F256726945EBD733 /* Pods */ = {
			isa = PBXGroup;
			children = (
				D632D90B7EA3727C96E9F555 /* Pods-MovieDbList.debug.xcconfig */,
				DC0411E07737F1904D7F5DE8 /* Pods-MovieDbList.release.xcconfig */,
				3C578E14264995C5D5AB8084 /* Pods-MovieDbList-MovieDbListUITests.debug.xcconfig */,
				095D4A604876BBD026623E4C /* Pods-MovieDbList-MovieDbListUITests.release.xcconfig */,
				4A92C7D338622481B2DCEB90 /* Pods-MovieDbListTests.debug.xcconfig */,
				CD7634A80041C5D7E22BC3C8 /* Pods-MovieDbListTests.release.xcconfig */,
			);
			path = Pods;
			sourceTree = "<group>";
		};
		E91F90D325512E0200A5F9A1 = {
			isa = PBXGroup;
			children = (
				E91F90DE25512E0200A5F9A1 /* MovieDbList */,
				E91F90F825512E0300A5F9A1 /* MovieDbListTests */,
				E91F910325512E0300A5F9A1 /* MovieDbListUITests */,
				E91F90DD25512E0200A5F9A1 /* Products */,
				D512AC57F256726945EBD733 /* Pods */,
				A3CC03FA56C338363E89C235 /* Frameworks */,
			);
			sourceTree = "<group>";
		};
		E91F90DD25512E0200A5F9A1 /* Products */ = {
			isa = PBXGroup;
			children = (
				E91F90DC25512E0200A5F9A1 /* MovieDbList.app */,
				E91F90F525512E0300A5F9A1 /* MovieDbListTests.xctest */,
				E91F910025512E0300A5F9A1 /* MovieDbListUITests.xctest */,
			);
			name = Products;
			sourceTree = "<group>";
		};
		E91F90DE25512E0200A5F9A1 /* MovieDbList */ = {
			isa = PBXGroup;
			children = (
				E91F90DF25512E0200A5F9A1 /* AppDelegate.swift */,
				E91F90EB25512E0300A5F9A1 /* Assets.xcassets */,
				E91F90ED25512E0300A5F9A1 /* LaunchScreen.storyboard */,
				E91F90F025512E0300A5F9A1 /* Info.plist */,
				E91F90E825512E0200A5F9A1 /* MovieDbList.xcdatamodeld */,
				E91F91C925517ADB00A5F9A1 /* Model */,
				E91F915D255174C000A5F9A1 /* View */,
				E91F91B725517A1800A5F9A1 /* ViewModel */,
				E91F9180255176EA00A5F9A1 /* API */,
				E91F915E2551754900A5F9A1 /* Utilities */,
			);
			path = MovieDbList;
			sourceTree = "<group>";
		};
		E91F90F825512E0300A5F9A1 /* MovieDbListTests */ = {
			isa = PBXGroup;
			children = (
				E9592ECA255344480063609D /* Resources */,
				E91F90F925512E0300A5F9A1 /* MovieDbListTests.swift */,
				E91F90FB25512E0300A5F9A1 /* Info.plist */,
			);
			path = MovieDbListTests;
			sourceTree = "<group>";
		};
		E91F910325512E0300A5F9A1 /* MovieDbListUITests */ = {
			isa = PBXGroup;
			children = (
				E91F910425512E0300A5F9A1 /* MovieDbListUITests.swift */,
				E91F910625512E0300A5F9A1 /* Info.plist */,
			);
			path = MovieDbListUITests;
			sourceTree = "<group>";
		};
		E91F915D255174C000A5F9A1 /* View */ = {
			isa = PBXGroup;
			children = (
				E91F91AF255178F400A5F9A1 /* MovieList */,
				E93279D225534D45005A479C /* SearchMovie */,
				E91F921E2551A6E000A5F9A1 /* MoviewDetail */,
			);
			path = View;
			sourceTree = "<group>";
		};
		E91F915E2551754900A5F9A1 /* Utilities */ = {
			isa = PBXGroup;
			children = (
				E91F915F2551754900A5F9A1 /* Constant.swift */,
				E91F916D2551754900A5F9A1 /* CommonMethods.swift */,
				E9B5DFB72553F57F007FAC89 /* DataBaseManager.swift */,
				E9592EDA255345050063609D /* Codable */,
				E91F91602551754900A5F9A1 /* Extensions */,
				E91F91642551754900A5F9A1 /* CustomComponents */,
			);
			path = Utilities;
			sourceTree = "<group>";
		};
		E91F91602551754900A5F9A1 /* Extensions */ = {
			isa = PBXGroup;
			children = (
				E91F91612551754900A5F9A1 /* ViewController.swift */,
				E91F91622551754900A5F9A1 /* UIImage.swift */,
				E91F91632551754900A5F9A1 /* Colors.swift */,
				E90063F8255321360040D950 /* String.swift */,
			);
			path = Extensions;
			sourceTree = "<group>";
		};
		E91F91642551754900A5F9A1 /* CustomComponents */ = {
			isa = PBXGroup;
			children = (
				E91F925F2551A7F500A5F9A1 /* CustomDateFormater.swift */,
				E91F91F4255191CD00A5F9A1 /* DesignableButton.swift */,
				E91F91F3255191CD00A5F9A1 /* DesignableView.swift */,
				E91F91652551754900A5F9A1 /* Toast.swift */,
			);
			path = CustomComponents;
			sourceTree = "<group>";
		};
		E91F9180255176EA00A5F9A1 /* API */ = {
			isa = PBXGroup;
			children = (
				E91F9187255176EA00A5F9A1 /* Base */,
				E91F91DB25517B8600A5F9A1 /* MovieRoute.swift */,
				E93628B32552A1DB00B8C1D4 /* MoviewDetailRequest.swift */,
				E91F91DD25517B8600A5F9A1 /* NowPlayingRequest.swift */,
				E93628A125529DC100B8C1D4 /* CreditsRequest.swift */,
				E93628A225529DC100B8C1D4 /* ReviewRequest.swift */,
				E93628A025529DC100B8C1D4 /* SimilarMoviesRequest.swift */,
			);
			path = API;
			sourceTree = "<group>";
		};
		E91F9187255176EA00A5F9A1 /* Base */ = {
			isa = PBXGroup;
			children = (
				E91F9188255176EA00A5F9A1 /* APIError.swift */,
				E91F9189255176EA00A5F9A1 /* HTTPClient.swift */,
				E91F918A255176EA00A5F9A1 /* APIRequest.swift */,
			);
			path = Base;
			sourceTree = "<group>";
		};
		E91F91AF255178F400A5F9A1 /* MovieList */ = {
			isa = PBXGroup;
			children = (
				E91F92462551A77800A5F9A1 /* ViewController */,
				E91F923F2551A72E00A5F9A1 /* Cells */,
			);
			path = MovieList;
			sourceTree = "<group>";
		};
		E91F91B725517A1800A5F9A1 /* ViewModel */ = {
			isa = PBXGroup;
			children = (
				E91F91B825517A1800A5F9A1 /* MovieViewModel.swift */,
				E90063EC25531CED0040D950 /* SearchMovieViewModel.swift */,
				E93628A92552A0E400B8C1D4 /* MoviewDetailViewModel.swift */,
				E936289125529BB600B8C1D4 /* MovieCastViewModel.swift */,
				E936289025529BB600B8C1D4 /* MovieReviewViewModel.swift */,
				E936289225529BB600B8C1D4 /* SimilarMovieViewModel.swift */,
			);
			path = ViewModel;
			sourceTree = "<group>";
		};
		E91F91C925517ADB00A5F9A1 /* Model */ = {
			isa = PBXGroup;
			children = (
				E91F91CC25517ADB00A5F9A1 /* MovieModel.swift */,
				E93628AE2552A13B00B8C1D4 /* MoviewDetailModel.swift */,
				E936289925529BC000B8C1D4 /* MovieCastModel.swift */,
				E94516E62552D8A50099C1BA /* MovieCrewModel.swift */,
				E936289A25529BC000B8C1D4 /* MovieReviewModel.swift */,
			);
			path = Model;
			sourceTree = "<group>";
		};
		E91F921E2551A6E000A5F9A1 /* MoviewDetail */ = {
			isa = PBXGroup;
			children = (
				E91F92552551A79300A5F9A1 /* ViewController */,
				E91F923B2551A72200A5F9A1 /* Cells */,
			);
			path = MoviewDetail;
			sourceTree = "<group>";
		};
		E91F923B2551A72200A5F9A1 /* Cells */ = {
			isa = PBXGroup;
			children = (
				E91F921F2551A6E000A5F9A1 /* ReviewTableViewCell.xib */,
				E91F92202551A6E000A5F9A1 /* MovieDeatilHeaderTableViewCell.swift */,
				E91F92212551A6E000A5F9A1 /* MoviewDetailsSectionHeader.xib */,
				E91F92222551A6E000A5F9A1 /* ReviewTableViewCell.swift */,
				E91F92232551A6E000A5F9A1 /* CastCrewCollectionViewCell.xib */,
				E91F92242551A6E000A5F9A1 /* CastCrewCollectionViewCell.swift */,
				E91F92252551A6E000A5F9A1 /* SimilarResultsCollectionViewCell.xib */,
				E91F92262551A6E000A5F9A1 /* MovieDeatilHeaderTableViewCell.xib */,
				E91F92272551A6E000A5F9A1 /* CollectionsTableViewCell.swift */,
				E91F92282551A6E000A5F9A1 /* CollectionsTableViewCell.xib */,
				E91F92292551A6E000A5F9A1 /* MoviewDetailsSectionHeader.swift */,
				E91F922A2551A6E000A5F9A1 /* SimilarResultsCollectionViewCell.swift */,
			);
			path = Cells;
			sourceTree = "<group>";
		};
		E91F923F2551A72E00A5F9A1 /* Cells */ = {
			isa = PBXGroup;
			children = (
				E91F91B02551792500A5F9A1 /* MovieListTableViewCell.swift */,
				E91F91B12551792500A5F9A1 /* MovieListTableViewCell.xib */,
			);
			path = Cells;
			sourceTree = "<group>";
		};
		E91F92462551A77800A5F9A1 /* ViewController */ = {
			isa = PBXGroup;
			children = (
				E91F91562551749F00A5F9A1 /* MovieListViewController.swift */,
				E91F91572551749F00A5F9A1 /* MovieListViewController.xib */,
			);
			path = ViewController;
			sourceTree = "<group>";
		};
		E91F92552551A79300A5F9A1 /* ViewController */ = {
			isa = PBXGroup;
			children = (
				E91F924B2551A78E00A5F9A1 /* MovieDetailViewController.swift */,
				E91F924C2551A78E00A5F9A1 /* MovieDetailViewController.xib */,
				E91F924D2551A78E00A5F9A1 /* ReviewsViewController.swift */,
				E91F924A2551A78E00A5F9A1 /* ReviewsViewController.xib */,
			);
			path = ViewController;
			sourceTree = "<group>";
		};
		E93279D225534D45005A479C /* SearchMovie */ = {
			isa = PBXGroup;
			children = (
				E93279D625534D83005A479C /* ViewController */,
				E93279D725534D8B005A479C /* Cells */,
			);
			path = SearchMovie;
			sourceTree = "<group>";
		};
		E93279D625534D83005A479C /* ViewController */ = {
			isa = PBXGroup;
			children = (
				E90063D725531BA10040D950 /* SearchMovieViewController.swift */,
				E90063D625531BA10040D950 /* SearchMovieViewController.xib */,
			);
			path = ViewController;
			sourceTree = "<group>";
		};
		E93279D725534D8B005A479C /* Cells */ = {
			isa = PBXGroup;
			children = (
				E90063DD25531BAE0040D950 /* SeartchTableViewCell.swift */,
				E90063DE25531BAE0040D950 /* SeartchTableViewCell.xib */,
				E90063F225531EFB0040D950 /* SettingSectionHeader.swift */,
				E90063F125531EFB0040D950 /* SettingSectionHeader.xib */,
			);
			path = Cells;
			sourceTree = "<group>";
		};
		E9592ECA255344480063609D /* Resources */ = {
			isa = PBXGroup;
			children = (
				E9592ECB255344480063609D /* movie.json */,
			);
			path = Resources;
			sourceTree = "<group>";
		};
		E9592EDA255345050063609D /* Codable */ = {
			isa = PBXGroup;
			children = (
				E9592EDB255345050063609D /* Codable+JSONExtension.swift */,
				E9592EDC255345050063609D /* Codable+Transformers.swift */,
			);
			path = Codable;
			sourceTree = "<group>";
		};
/* End PBXGroup section */

/* Begin PBXNativeTarget section */
		E91F90DB25512E0200A5F9A1 /* MovieDbList */ = {
			isa = PBXNativeTarget;
			buildConfigurationList = E91F910925512E0300A5F9A1 /* Build configuration list for PBXNativeTarget "MovieDbList" */;
			buildPhases = (
				E9DEE0FFA2A3FBE0235C7B0B /* [CP] Check Pods Manifest.lock */,
				E91F90D825512E0200A5F9A1 /* Sources */,
				E91F90D925512E0200A5F9A1 /* Frameworks */,
				E91F90DA25512E0200A5F9A1 /* Resources */,
				D144FACE5CEA111927FE5F67 /* [CP] Embed Pods Frameworks */,
			);
			buildRules = (
			);
			dependencies = (
			);
			name = MovieDbList;
			productName = MovieDbList;
			productReference = E91F90DC25512E0200A5F9A1 /* MovieDbList.app */;
			productType = "com.apple.product-type.application";
		};
		E91F90F425512E0300A5F9A1 /* MovieDbListTests */ = {
			isa = PBXNativeTarget;
			buildConfigurationList = E91F910C25512E0300A5F9A1 /* Build configuration list for PBXNativeTarget "MovieDbListTests" */;
			buildPhases = (
				92DE56E2D06A3344C2B6E3A1 /* [CP] Check Pods Manifest.lock */,
				E91F90F125512E0300A5F9A1 /* Sources */,
				E91F90F225512E0300A5F9A1 /* Frameworks */,
				E91F90F325512E0300A5F9A1 /* Resources */,
			);
			buildRules = (
			);
			dependencies = (
				E91F90F725512E0300A5F9A1 /* PBXTargetDependency */,
			);
			name = MovieDbListTests;
			productName = MovieDbListTests;
			productReference = E91F90F525512E0300A5F9A1 /* MovieDbListTests.xctest */;
			productType = "com.apple.product-type.bundle.unit-test";
		};
		E91F90FF25512E0300A5F9A1 /* MovieDbListUITests */ = {
			isa = PBXNativeTarget;
			buildConfigurationList = E91F910F25512E0300A5F9A1 /* Build configuration list for PBXNativeTarget "MovieDbListUITests" */;
			buildPhases = (
				DBEEADA2B583184257F9CCAD /* [CP] Check Pods Manifest.lock */,
				E91F90FC25512E0300A5F9A1 /* Sources */,
				E91F90FD25512E0300A5F9A1 /* Frameworks */,
				E91F90FE25512E0300A5F9A1 /* Resources */,
				B90CF51A827BF2286DD0BC3A /* [CP] Embed Pods Frameworks */,
			);
			buildRules = (
			);
			dependencies = (
				E91F910225512E0300A5F9A1 /* PBXTargetDependency */,
			);
			name = MovieDbListUITests;
			productName = MovieDbListUITests;
			productReference = E91F910025512E0300A5F9A1 /* MovieDbListUITests.xctest */;
			productType = "com.apple.product-type.bundle.ui-testing";
		};
/* End PBXNativeTarget section */

/* Begin PBXProject section */
		E91F90D425512E0200A5F9A1 /* Project object */ = {
			isa = PBXProject;
			attributes = {
				LastSwiftUpdateCheck = 1210;
				LastUpgradeCheck = 1210;
				TargetAttributes = {
					E91F90DB25512E0200A5F9A1 = {
						CreatedOnToolsVersion = 12.1;
					};
					E91F90F425512E0300A5F9A1 = {
						CreatedOnToolsVersion = 12.1;
						TestTargetID = E91F90DB25512E0200A5F9A1;
					};
					E91F90FF25512E0300A5F9A1 = {
						CreatedOnToolsVersion = 12.1;
						TestTargetID = E91F90DB25512E0200A5F9A1;
					};
				};
			};
			buildConfigurationList = E91F90D725512E0200A5F9A1 /* Build configuration list for PBXProject "MovieDbList" */;
			compatibilityVersion = "Xcode 9.3";
			developmentRegion = en;
			hasScannedForEncodings = 0;
			knownRegions = (
				en,
				Base,
			);
			mainGroup = E91F90D325512E0200A5F9A1;
			productRefGroup = E91F90DD25512E0200A5F9A1 /* Products */;
			projectDirPath = "";
			projectRoot = "";
			targets = (
				E91F90DB25512E0200A5F9A1 /* MovieDbList */,
				E91F90F425512E0300A5F9A1 /* MovieDbListTests */,
				E91F90FF25512E0300A5F9A1 /* MovieDbListUITests */,
			);
		};
/* End PBXProject section */

/* Begin PBXResourcesBuildPhase section */
		E91F90DA25512E0200A5F9A1 /* Resources */ = {
			isa = PBXResourcesBuildPhase;
			buildActionMask = 2147483647;
			files = (
				E91F92502551A78E00A5F9A1 /* MovieDetailViewController.xib in Resources */,
				E91F91592551749F00A5F9A1 /* MovieListViewController.xib in Resources */,
				E91F924E2551A78E00A5F9A1 /* ReviewsViewController.xib in Resources */,
				E91F92322551A6E000A5F9A1 /* MovieDeatilHeaderTableViewCell.xib in Resources */,
				E91F922F2551A6E000A5F9A1 /* CastCrewCollectionViewCell.xib in Resources */,
				E91F90EF25512E0300A5F9A1 /* LaunchScreen.storyboard in Resources */,
				E91F922D2551A6E000A5F9A1 /* MoviewDetailsSectionHeader.xib in Resources */,
				E91F92342551A6E000A5F9A1 /* CollectionsTableViewCell.xib in Resources */,
				E91F91B32551792500A5F9A1 /* MovieListTableViewCell.xib in Resources */,
				E91F922B2551A6E000A5F9A1 /* ReviewTableViewCell.xib in Resources */,
				E91F90EC25512E0300A5F9A1 /* Assets.xcassets in Resources */,
				E91F92312551A6E000A5F9A1 /* SimilarResultsCollectionViewCell.xib in Resources */,
				E90063E025531BAE0040D950 /* SeartchTableViewCell.xib in Resources */,
				E90063F325531EFB0040D950 /* SettingSectionHeader.xib in Resources */,
				E90063D825531BA10040D950 /* SearchMovieViewController.xib in Resources */,
			);
			runOnlyForDeploymentPostprocessing = 0;
		};
		E91F90F325512E0300A5F9A1 /* Resources */ = {
			isa = PBXResourcesBuildPhase;
			buildActionMask = 2147483647;
			files = (
				E9592ECE255344480063609D /* movie.json in Resources */,
			);
			runOnlyForDeploymentPostprocessing = 0;
		};
		E91F90FE25512E0300A5F9A1 /* Resources */ = {
			isa = PBXResourcesBuildPhase;
			buildActionMask = 2147483647;
			files = (
			);
			runOnlyForDeploymentPostprocessing = 0;
		};
/* End PBXResourcesBuildPhase section */

/* Begin PBXShellScriptBuildPhase section */
		92DE56E2D06A3344C2B6E3A1 /* [CP] Check Pods Manifest.lock */ = {
			isa = PBXShellScriptBuildPhase;
			buildActionMask = 2147483647;
			files = (
			);
			inputFileListPaths = (
			);
			inputPaths = (
				"${PODS_PODFILE_DIR_PATH}/Podfile.lock",
				"${PODS_ROOT}/Manifest.lock",
			);
			name = "[CP] Check Pods Manifest.lock";
			outputFileListPaths = (
			);
			outputPaths = (
				"$(DERIVED_FILE_DIR)/Pods-MovieDbListTests-checkManifestLockResult.txt",
			);
			runOnlyForDeploymentPostprocessing = 0;
			shellPath = /bin/sh;
			shellScript = "diff \"${PODS_PODFILE_DIR_PATH}/Podfile.lock\" \"${PODS_ROOT}/Manifest.lock\" > /dev/null\nif [ $? != 0 ] ; then\n    # print error to STDERR\n    echo \"error: The sandbox is not in sync with the Podfile.lock. Run 'pod install' or update your CocoaPods installation.\" >&2\n    exit 1\nfi\n# This output is used by Xcode 'outputs' to avoid re-running this script phase.\necho \"SUCCESS\" > \"${SCRIPT_OUTPUT_FILE_0}\"\n";
			showEnvVarsInLog = 0;
		};
		B90CF51A827BF2286DD0BC3A /* [CP] Embed Pods Frameworks */ = {
			isa = PBXShellScriptBuildPhase;
			buildActionMask = 2147483647;
			files = (
			);
			inputFileListPaths = (
				"${PODS_ROOT}/Target Support Files/Pods-MovieDbList-MovieDbListUITests/Pods-MovieDbList-MovieDbListUITests-frameworks-${CONFIGURATION}-input-files.xcfilelist",
			);
			name = "[CP] Embed Pods Frameworks";
			outputFileListPaths = (
				"${PODS_ROOT}/Target Support Files/Pods-MovieDbList-MovieDbListUITests/Pods-MovieDbList-MovieDbListUITests-frameworks-${CONFIGURATION}-output-files.xcfilelist",
			);
			runOnlyForDeploymentPostprocessing = 0;
			shellPath = /bin/sh;
			shellScript = "\"${PODS_ROOT}/Target Support Files/Pods-MovieDbList-MovieDbListUITests/Pods-MovieDbList-MovieDbListUITests-frameworks.sh\"\n";
			showEnvVarsInLog = 0;
		};
		D144FACE5CEA111927FE5F67 /* [CP] Embed Pods Frameworks */ = {
			isa = PBXShellScriptBuildPhase;
			buildActionMask = 2147483647;
			files = (
			);
			inputFileListPaths = (
				"${PODS_ROOT}/Target Support Files/Pods-MovieDbList/Pods-MovieDbList-frameworks-${CONFIGURATION}-input-files.xcfilelist",
			);
			name = "[CP] Embed Pods Frameworks";
			outputFileListPaths = (
				"${PODS_ROOT}/Target Support Files/Pods-MovieDbList/Pods-MovieDbList-frameworks-${CONFIGURATION}-output-files.xcfilelist",
			);
			runOnlyForDeploymentPostprocessing = 0;
			shellPath = /bin/sh;
			shellScript = "\"${PODS_ROOT}/Target Support Files/Pods-MovieDbList/Pods-MovieDbList-frameworks.sh\"\n";
			showEnvVarsInLog = 0;
		};
		DBEEADA2B583184257F9CCAD /* [CP] Check Pods Manifest.lock */ = {
			isa = PBXShellScriptBuildPhase;
			buildActionMask = 2147483647;
			files = (
			);
			inputFileListPaths = (
			);
			inputPaths = (
				"${PODS_PODFILE_DIR_PATH}/Podfile.lock",
				"${PODS_ROOT}/Manifest.lock",
			);
			name = "[CP] Check Pods Manifest.lock";
			outputFileListPaths = (
			);
			outputPaths = (
				"$(DERIVED_FILE_DIR)/Pods-MovieDbList-MovieDbListUITests-checkManifestLockResult.txt",
			);
			runOnlyForDeploymentPostprocessing = 0;
			shellPath = /bin/sh;
			shellScript = "diff \"${PODS_PODFILE_DIR_PATH}/Podfile.lock\" \"${PODS_ROOT}/Manifest.lock\" > /dev/null\nif [ $? != 0 ] ; then\n    # print error to STDERR\n    echo \"error: The sandbox is not in sync with the Podfile.lock. Run 'pod install' or update your CocoaPods installation.\" >&2\n    exit 1\nfi\n# This output is used by Xcode 'outputs' to avoid re-running this script phase.\necho \"SUCCESS\" > \"${SCRIPT_OUTPUT_FILE_0}\"\n";
			showEnvVarsInLog = 0;
		};
		E9DEE0FFA2A3FBE0235C7B0B /* [CP] Check Pods Manifest.lock */ = {
			isa = PBXShellScriptBuildPhase;
			buildActionMask = 2147483647;
			files = (
			);
			inputFileListPaths = (
			);
			inputPaths = (
				"${PODS_PODFILE_DIR_PATH}/Podfile.lock",
				"${PODS_ROOT}/Manifest.lock",
			);
			name = "[CP] Check Pods Manifest.lock";
			outputFileListPaths = (
			);
			outputPaths = (
				"$(DERIVED_FILE_DIR)/Pods-MovieDbList-checkManifestLockResult.txt",
			);
			runOnlyForDeploymentPostprocessing = 0;
			shellPath = /bin/sh;
			shellScript = "diff \"${PODS_PODFILE_DIR_PATH}/Podfile.lock\" \"${PODS_ROOT}/Manifest.lock\" > /dev/null\nif [ $? != 0 ] ; then\n    # print error to STDERR\n    echo \"error: The sandbox is not in sync with the Podfile.lock. Run 'pod install' or update your CocoaPods installation.\" >&2\n    exit 1\nfi\n# This output is used by Xcode 'outputs' to avoid re-running this script phase.\necho \"SUCCESS\" > \"${SCRIPT_OUTPUT_FILE_0}\"\n";
			showEnvVarsInLog = 0;
		};
/* End PBXShellScriptBuildPhase section */

/* Begin PBXSourcesBuildPhase section */
		E91F90D825512E0200A5F9A1 /* Sources */ = {
			isa = PBXSourcesBuildPhase;
			buildActionMask = 2147483647;
			files = (
				E91F916F2551754A00A5F9A1 /* ViewController.swift in Sources */,
				E91F91722551754A00A5F9A1 /* Toast.swift in Sources */,
				E91F92332551A6E000A5F9A1 /* CollectionsTableViewCell.swift in Sources */,
				E91F9191255176EA00A5F9A1 /* APIError.swift in Sources */,
				E91F924F2551A78E00A5F9A1 /* MovieDetailViewController.swift in Sources */,
				E93628A525529DC100B8C1D4 /* ReviewRequest.swift in Sources */,
				E90063DF25531BAE0040D950 /* SeartchTableViewCell.swift in Sources */,
				E91F92352551A6E000A5F9A1 /* MoviewDetailsSectionHeader.swift in Sources */,
				E9592EDD255345050063609D /* Codable+JSONExtension.swift in Sources */,
				E91F91BC25517A1800A5F9A1 /* MovieViewModel.swift in Sources */,
				E90063F425531EFB0040D950 /* SettingSectionHeader.swift in Sources */,
				E91F91582551749F00A5F9A1 /* MovieListViewController.swift in Sources */,
				E9592EDE255345050063609D /* Codable+Transformers.swift in Sources */,
				E91F9193255176EA00A5F9A1 /* APIRequest.swift in Sources */,
				E90063F9255321360040D950 /* String.swift in Sources */,
				E91F90E025512E0200A5F9A1 /* AppDelegate.swift in Sources */,
				E9B5DFB82553F57F007FAC89 /* DataBaseManager.swift in Sources */,
				E91F92362551A6E000A5F9A1 /* SimilarResultsCollectionViewCell.swift in Sources */,
				E936289B25529BC000B8C1D4 /* MovieCastModel.swift in Sources */,
				E90063ED25531CED0040D950 /* SearchMovieViewModel.swift in Sources */,
				E91F91712551754A00A5F9A1 /* Colors.swift in Sources */,
				E93628AA2552A0E400B8C1D4 /* MoviewDetailViewModel.swift in Sources */,
				E90063D925531BA10040D950 /* SearchMovieViewController.swift in Sources */,
				E91F92602551A7F500A5F9A1 /* CustomDateFormater.swift in Sources */,
				E93628A325529DC100B8C1D4 /* SimilarMoviesRequest.swift in Sources */,
				E91F91F5255191CD00A5F9A1 /* DesignableView.swift in Sources */,
				E91F91E325517B8700A5F9A1 /* NowPlayingRequest.swift in Sources */,
				E91F91792551754A00A5F9A1 /* CommonMethods.swift in Sources */,
				E936289425529BB600B8C1D4 /* MovieCastViewModel.swift in Sources */,
				E91F91B22551792500A5F9A1 /* MovieListTableViewCell.swift in Sources */,
				E91F91E125517B8700A5F9A1 /* MovieRoute.swift in Sources */,
				E936289525529BB600B8C1D4 /* SimilarMovieViewModel.swift in Sources */,
				E91F91702551754A00A5F9A1 /* UIImage.swift in Sources */,
				E93628B42552A1DB00B8C1D4 /* MoviewDetailRequest.swift in Sources */,
				E91F91D025517ADB00A5F9A1 /* MovieModel.swift in Sources */,
				E91F9192255176EA00A5F9A1 /* HTTPClient.swift in Sources */,
				E91F91F6255191CD00A5F9A1 /* DesignableButton.swift in Sources */,
				E936289C25529BC000B8C1D4 /* MovieReviewModel.swift in Sources */,
				E91F90EA25512E0200A5F9A1 /* MovieDbList.xcdatamodeld in Sources */,
				E91F92512551A78E00A5F9A1 /* ReviewsViewController.swift in Sources */,
				E93628AF2552A13B00B8C1D4 /* MoviewDetailModel.swift in Sources */,
				E94516E72552D8A50099C1BA /* MovieCrewModel.swift in Sources */,
				E936289325529BB600B8C1D4 /* MovieReviewViewModel.swift in Sources */,
				E93628A425529DC100B8C1D4 /* CreditsRequest.swift in Sources */,
				E91F92302551A6E000A5F9A1 /* CastCrewCollectionViewCell.swift in Sources */,
				E91F922C2551A6E000A5F9A1 /* MovieDeatilHeaderTableViewCell.swift in Sources */,
				E91F922E2551A6E000A5F9A1 /* ReviewTableViewCell.swift in Sources */,
				E91F916E2551754A00A5F9A1 /* Constant.swift in Sources */,
			);
			runOnlyForDeploymentPostprocessing = 0;
		};
		E91F90F125512E0300A5F9A1 /* Sources */ = {
			isa = PBXSourcesBuildPhase;
			buildActionMask = 2147483647;
			files = (
				E91F90FA25512E0300A5F9A1 /* MovieDbListTests.swift in Sources */,
			);
			runOnlyForDeploymentPostprocessing = 0;
		};
		E91F90FC25512E0300A5F9A1 /* Sources */ = {
			isa = PBXSourcesBuildPhase;
			buildActionMask = 2147483647;
			files = (
				E91F910525512E0300A5F9A1 /* MovieDbListUITests.swift in Sources */,
			);
			runOnlyForDeploymentPostprocessing = 0;
		};
/* End PBXSourcesBuildPhase section */

/* Begin PBXTargetDependency section */
		E91F90F725512E0300A5F9A1 /* PBXTargetDependency */ = {
			isa = PBXTargetDependency;
			target = E91F90DB25512E0200A5F9A1 /* MovieDbList */;
			targetProxy = E91F90F625512E0300A5F9A1 /* PBXContainerItemProxy */;
		};
		E91F910225512E0300A5F9A1 /* PBXTargetDependency */ = {
			isa = PBXTargetDependency;
			target = E91F90DB25512E0200A5F9A1 /* MovieDbList */;
			targetProxy = E91F910125512E0300A5F9A1 /* PBXContainerItemProxy */;
		};
/* End PBXTargetDependency section */

/* Begin PBXVariantGroup section */
		E91F90ED25512E0300A5F9A1 /* LaunchScreen.storyboard */ = {
			isa = PBXVariantGroup;
			children = (
				E91F90EE25512E0300A5F9A1 /* Base */,
			);
			name = LaunchScreen.storyboard;
			sourceTree = "<group>";
		};
/* End PBXVariantGroup section */

/* Begin XCBuildConfiguration section */
		E91F910725512E0300A5F9A1 /* Debug */ = {
			isa = XCBuildConfiguration;
			buildSettings = {
				ALWAYS_SEARCH_USER_PATHS = NO;
				CLANG_ANALYZER_NONNULL = YES;
				CLANG_ANALYZER_NUMBER_OBJECT_CONVERSION = YES_AGGRESSIVE;
				CLANG_CXX_LANGUAGE_STANDARD = "gnu++14";
				CLANG_CXX_LIBRARY = "libc++";
				CLANG_ENABLE_MODULES = YES;
				CLANG_ENABLE_OBJC_ARC = YES;
				CLANG_ENABLE_OBJC_WEAK = YES;
				CLANG_WARN_BLOCK_CAPTURE_AUTORELEASING = YES;
				CLANG_WARN_BOOL_CONVERSION = YES;
				CLANG_WARN_COMMA = YES;
				CLANG_WARN_CONSTANT_CONVERSION = YES;
				CLANG_WARN_DEPRECATED_OBJC_IMPLEMENTATIONS = YES;
				CLANG_WARN_DIRECT_OBJC_ISA_USAGE = YES_ERROR;
				CLANG_WARN_DOCUMENTATION_COMMENTS = YES;
				CLANG_WARN_EMPTY_BODY = YES;
				CLANG_WARN_ENUM_CONVERSION = YES;
				CLANG_WARN_INFINITE_RECURSION = YES;
				CLANG_WARN_INT_CONVERSION = YES;
				CLANG_WARN_NON_LITERAL_NULL_CONVERSION = YES;
				CLANG_WARN_OBJC_IMPLICIT_RETAIN_SELF = YES;
				CLANG_WARN_OBJC_LITERAL_CONVERSION = YES;
				CLANG_WARN_OBJC_ROOT_CLASS = YES_ERROR;
				CLANG_WARN_QUOTED_INCLUDE_IN_FRAMEWORK_HEADER = YES;
				CLANG_WARN_RANGE_LOOP_ANALYSIS = YES;
				CLANG_WARN_STRICT_PROTOTYPES = YES;
				CLANG_WARN_SUSPICIOUS_MOVE = YES;
				CLANG_WARN_UNGUARDED_AVAILABILITY = YES_AGGRESSIVE;
				CLANG_WARN_UNREACHABLE_CODE = YES;
				CLANG_WARN__DUPLICATE_METHOD_MATCH = YES;
				COPY_PHASE_STRIP = NO;
				DEBUG_INFORMATION_FORMAT = dwarf;
				ENABLE_STRICT_OBJC_MSGSEND = YES;
				ENABLE_TESTABILITY = YES;
				GCC_C_LANGUAGE_STANDARD = gnu11;
				GCC_DYNAMIC_NO_PIC = NO;
				GCC_NO_COMMON_BLOCKS = YES;
				GCC_OPTIMIZATION_LEVEL = 0;
				GCC_PREPROCESSOR_DEFINITIONS = (
					"DEBUG=1",
					"$(inherited)",
				);
				GCC_WARN_64_TO_32_BIT_CONVERSION = YES;
				GCC_WARN_ABOUT_RETURN_TYPE = YES_ERROR;
				GCC_WARN_UNDECLARED_SELECTOR = YES;
				GCC_WARN_UNINITIALIZED_AUTOS = YES_AGGRESSIVE;
				GCC_WARN_UNUSED_FUNCTION = YES;
				GCC_WARN_UNUSED_VARIABLE = YES;
				IPHONEOS_DEPLOYMENT_TARGET = 12.0;
				MTL_ENABLE_DEBUG_INFO = INCLUDE_SOURCE;
				MTL_FAST_MATH = YES;
				ONLY_ACTIVE_ARCH = YES;
				SDKROOT = iphoneos;
				SWIFT_ACTIVE_COMPILATION_CONDITIONS = DEBUG;
				SWIFT_OPTIMIZATION_LEVEL = "-Onone";
			};
			name = Debug;
		};
		E91F910825512E0300A5F9A1 /* Release */ = {
			isa = XCBuildConfiguration;
			buildSettings = {
				ALWAYS_SEARCH_USER_PATHS = NO;
				CLANG_ANALYZER_NONNULL = YES;
				CLANG_ANALYZER_NUMBER_OBJECT_CONVERSION = YES_AGGRESSIVE;
				CLANG_CXX_LANGUAGE_STANDARD = "gnu++14";
				CLANG_CXX_LIBRARY = "libc++";
				CLANG_ENABLE_MODULES = YES;
				CLANG_ENABLE_OBJC_ARC = YES;
				CLANG_ENABLE_OBJC_WEAK = YES;
				CLANG_WARN_BLOCK_CAPTURE_AUTORELEASING = YES;
				CLANG_WARN_BOOL_CONVERSION = YES;
				CLANG_WARN_COMMA = YES;
				CLANG_WARN_CONSTANT_CONVERSION = YES;
				CLANG_WARN_DEPRECATED_OBJC_IMPLEMENTATIONS = YES;
				CLANG_WARN_DIRECT_OBJC_ISA_USAGE = YES_ERROR;
				CLANG_WARN_DOCUMENTATION_COMMENTS = YES;
				CLANG_WARN_EMPTY_BODY = YES;
				CLANG_WARN_ENUM_CONVERSION = YES;
				CLANG_WARN_INFINITE_RECURSION = YES;
				CLANG_WARN_INT_CONVERSION = YES;
				CLANG_WARN_NON_LITERAL_NULL_CONVERSION = YES;
				CLANG_WARN_OBJC_IMPLICIT_RETAIN_SELF = YES;
				CLANG_WARN_OBJC_LITERAL_CONVERSION = YES;
				CLANG_WARN_OBJC_ROOT_CLASS = YES_ERROR;
				CLANG_WARN_QUOTED_INCLUDE_IN_FRAMEWORK_HEADER = YES;
				CLANG_WARN_RANGE_LOOP_ANALYSIS = YES;
				CLANG_WARN_STRICT_PROTOTYPES = YES;
				CLANG_WARN_SUSPICIOUS_MOVE = YES;
				CLANG_WARN_UNGUARDED_AVAILABILITY = YES_AGGRESSIVE;
				CLANG_WARN_UNREACHABLE_CODE = YES;
				CLANG_WARN__DUPLICATE_METHOD_MATCH = YES;
				COPY_PHASE_STRIP = NO;
				DEBUG_INFORMATION_FORMAT = "dwarf-with-dsym";
				ENABLE_NS_ASSERTIONS = NO;
				ENABLE_STRICT_OBJC_MSGSEND = YES;
				GCC_C_LANGUAGE_STANDARD = gnu11;
				GCC_NO_COMMON_BLOCKS = YES;
				GCC_WARN_64_TO_32_BIT_CONVERSION = YES;
				GCC_WARN_ABOUT_RETURN_TYPE = YES_ERROR;
				GCC_WARN_UNDECLARED_SELECTOR = YES;
				GCC_WARN_UNINITIALIZED_AUTOS = YES_AGGRESSIVE;
				GCC_WARN_UNUSED_FUNCTION = YES;
				GCC_WARN_UNUSED_VARIABLE = YES;
				IPHONEOS_DEPLOYMENT_TARGET = 12.0;
				MTL_ENABLE_DEBUG_INFO = NO;
				MTL_FAST_MATH = YES;
				SDKROOT = iphoneos;
				SWIFT_COMPILATION_MODE = wholemodule;
				SWIFT_OPTIMIZATION_LEVEL = "-O";
				VALIDATE_PRODUCT = YES;
			};
			name = Release;
		};
		E91F910A25512E0300A5F9A1 /* Debug */ = {
			isa = XCBuildConfiguration;
			baseConfigurationReference = D632D90B7EA3727C96E9F555 /* Pods-MovieDbList.debug.xcconfig */;
			buildSettings = {
				ASSETCATALOG_COMPILER_APPICON_NAME = AppIcon;
				ASSETCATALOG_COMPILER_GLOBAL_ACCENT_COLOR_NAME = AccentColor;
				CODE_SIGN_STYLE = Automatic;
				DEVELOPMENT_TEAM = MWMSVULNSU;
				INFOPLIST_FILE = MovieDbList/Info.plist;
				LD_RUNPATH_SEARCH_PATHS = (
					"$(inherited)",
					"@executable_path/Frameworks",
				);
				PRODUCT_BUNDLE_IDENTIFIER = Hitesh.MovieDbList11;
				PRODUCT_NAME = "$(TARGET_NAME)";
				SWIFT_VERSION = 5.0;
				TARGETED_DEVICE_FAMILY = "1,2";
			};
			name = Debug;
		};
		E91F910B25512E0300A5F9A1 /* Release */ = {
			isa = XCBuildConfiguration;
			baseConfigurationReference = DC0411E07737F1904D7F5DE8 /* Pods-MovieDbList.release.xcconfig */;
			buildSettings = {
				ASSETCATALOG_COMPILER_APPICON_NAME = AppIcon;
				ASSETCATALOG_COMPILER_GLOBAL_ACCENT_COLOR_NAME = AccentColor;
				CODE_SIGN_STYLE = Automatic;
				DEVELOPMENT_TEAM = MWMSVULNSU;
				INFOPLIST_FILE = MovieDbList/Info.plist;
				LD_RUNPATH_SEARCH_PATHS = (
					"$(inherited)",
					"@executable_path/Frameworks",
				);
				PRODUCT_BUNDLE_IDENTIFIER = Hitesh.MovieDbList11;
				PRODUCT_NAME = "$(TARGET_NAME)";
				SWIFT_VERSION = 5.0;
				TARGETED_DEVICE_FAMILY = "1,2";
			};
			name = Release;
		};
		E91F910D25512E0300A5F9A1 /* Debug */ = {
			isa = XCBuildConfiguration;
			baseConfigurationReference = 4A92C7D338622481B2DCEB90 /* Pods-MovieDbListTests.debug.xcconfig */;
			buildSettings = {
				ALWAYS_EMBED_SWIFT_STANDARD_LIBRARIES = YES;
				BUNDLE_LOADER = "$(TEST_HOST)";
				CODE_SIGN_STYLE = Automatic;
				INFOPLIST_FILE = MovieDbListTests/Info.plist;
				IPHONEOS_DEPLOYMENT_TARGET = 14.1;
				LD_RUNPATH_SEARCH_PATHS = (
					"$(inherited)",
					"@executable_path/Frameworks",
					"@loader_path/Frameworks",
				);
				PRODUCT_BUNDLE_IDENTIFIER = Hitesh.MovieDbListTests;
				PRODUCT_NAME = "$(TARGET_NAME)";
				SWIFT_VERSION = 5.0;
				TARGETED_DEVICE_FAMILY = "1,2";
				TEST_HOST = "$(BUILT_PRODUCTS_DIR)/MovieDbList.app/MovieDbList";
			};
			name = Debug;
		};
		E91F910E25512E0300A5F9A1 /* Release */ = {
			isa = XCBuildConfiguration;
			baseConfigurationReference = CD7634A80041C5D7E22BC3C8 /* Pods-MovieDbListTests.release.xcconfig */;
			buildSettings = {
				ALWAYS_EMBED_SWIFT_STANDARD_LIBRARIES = YES;
				BUNDLE_LOADER = "$(TEST_HOST)";
				CODE_SIGN_STYLE = Automatic;
				INFOPLIST_FILE = MovieDbListTests/Info.plist;
				IPHONEOS_DEPLOYMENT_TARGET = 14.1;
				LD_RUNPATH_SEARCH_PATHS = (
					"$(inherited)",
					"@executable_path/Frameworks",
					"@loader_path/Frameworks",
				);
				PRODUCT_BUNDLE_IDENTIFIER = Hitesh.MovieDbListTests;
				PRODUCT_NAME = "$(TARGET_NAME)";
				SWIFT_VERSION = 5.0;
				TARGETED_DEVICE_FAMILY = "1,2";
				TEST_HOST = "$(BUILT_PRODUCTS_DIR)/MovieDbList.app/MovieDbList";
			};
			name = Release;
		};
		E91F911025512E0300A5F9A1 /* Debug */ = {
			isa = XCBuildConfiguration;
			baseConfigurationReference = 3C578E14264995C5D5AB8084 /* Pods-MovieDbList-MovieDbListUITests.debug.xcconfig */;
			buildSettings = {
				ALWAYS_EMBED_SWIFT_STANDARD_LIBRARIES = YES;
				CODE_SIGN_STYLE = Automatic;
				INFOPLIST_FILE = MovieDbListUITests/Info.plist;
				LD_RUNPATH_SEARCH_PATHS = (
					"$(inherited)",
					"@executable_path/Frameworks",
					"@loader_path/Frameworks",
				);
				PRODUCT_BUNDLE_IDENTIFIER = Hitesh.MovieDbListUITests;
				PRODUCT_NAME = "$(TARGET_NAME)";
				SWIFT_VERSION = 5.0;
				TARGETED_DEVICE_FAMILY = "1,2";
				TEST_TARGET_NAME = MovieDbList;
			};
			name = Debug;
		};
		E91F911125512E0300A5F9A1 /* Release */ = {
			isa = XCBuildConfiguration;
			baseConfigurationReference = 095D4A604876BBD026623E4C /* Pods-MovieDbList-MovieDbListUITests.release.xcconfig */;
			buildSettings = {
				ALWAYS_EMBED_SWIFT_STANDARD_LIBRARIES = YES;
				CODE_SIGN_STYLE = Automatic;
				INFOPLIST_FILE = MovieDbListUITests/Info.plist;
				LD_RUNPATH_SEARCH_PATHS = (
					"$(inherited)",
					"@executable_path/Frameworks",
					"@loader_path/Frameworks",
				);
				PRODUCT_BUNDLE_IDENTIFIER = Hitesh.MovieDbListUITests;
				PRODUCT_NAME = "$(TARGET_NAME)";
				SWIFT_VERSION = 5.0;
				TARGETED_DEVICE_FAMILY = "1,2";
				TEST_TARGET_NAME = MovieDbList;
			};
			name = Release;
		};
/* End XCBuildConfiguration section */

/* Begin XCConfigurationList section */
		E91F90D725512E0200A5F9A1 /* Build configuration list for PBXProject "MovieDbList" */ = {
			isa = XCConfigurationList;
			buildConfigurations = (
				E91F910725512E0300A5F9A1 /* Debug */,
				E91F910825512E0300A5F9A1 /* Release */,
			);
			defaultConfigurationIsVisible = 0;
			defaultConfigurationName = Release;
		};
		E91F910925512E0300A5F9A1 /* Build configuration list for PBXNativeTarget "MovieDbList" */ = {
			isa = XCConfigurationList;
			buildConfigurations = (
				E91F910A25512E0300A5F9A1 /* Debug */,
				E91F910B25512E0300A5F9A1 /* Release */,
			);
			defaultConfigurationIsVisible = 0;
			defaultConfigurationName = Release;
		};
		E91F910C25512E0300A5F9A1 /* Build configuration list for PBXNativeTarget "MovieDbListTests" */ = {
			isa = XCConfigurationList;
			buildConfigurations = (
				E91F910D25512E0300A5F9A1 /* Debug */,
				E91F910E25512E0300A5F9A1 /* Release */,
			);
			defaultConfigurationIsVisible = 0;
			defaultConfigurationName = Release;
		};
		E91F910F25512E0300A5F9A1 /* Build configuration list for PBXNativeTarget "MovieDbListUITests" */ = {
			isa = XCConfigurationList;
			buildConfigurations = (
				E91F911025512E0300A5F9A1 /* Debug */,
				E91F911125512E0300A5F9A1 /* Release */,
			);
			defaultConfigurationIsVisible = 0;
			defaultConfigurationName = Release;
		};
/* End XCConfigurationList section */

/* Begin XCVersionGroup section */
		E91F90E825512E0200A5F9A1 /* MovieDbList.xcdatamodeld */ = {
			isa = XCVersionGroup;
			children = (
				E91F90E925512E0200A5F9A1 /* MovieDbList.xcdatamodel */,
			);
			currentVersion = E91F90E925512E0200A5F9A1 /* MovieDbList.xcdatamodel */;
			path = MovieDbList.xcdatamodeld;
			sourceTree = "<group>";
			versionGroupType = wrapper.xcdatamodel;
		};
/* End XCVersionGroup section */
	};
	rootObject = E91F90D425512E0200A5F9A1 /* Project object */;
}
